
Microsoft Visual Studio Solution File, Format Version 12.00
# Visual Studio Version 16
VisualStudioVersion = 16.0.31129.286
MinimumVisualStudioVersion = 10.0.40219.1
Project("{FAE04EC0-301F-11D3-BF4B-00C04F79EFBC}") = "vanta_multimedia_storage", "vanta_multimedia_storage.csproj", "{8DEF089F-DA67-427F-AE62-B5F502A9BC25}"
EndProject
Global
	GlobalSection(SolutionConfigurationPlatforms) = preSolution
		Debug|Any CPU = Debug|Any CPU
		Release|Any CPU = Release|Any CPU
	EndGlobalSection
	GlobalSection(ProjectConfigurationPlatforms) = postSolution
		{8DEF089F-DA67-427F-AE62-B5F502A9BC25}.Debug|Any CPU.ActiveCfg = Debug|Any CPU
		{8DEF089F-DA67-427F-AE62-B5F502A9BC25}.Debug|Any CPU.Build.0 = Debug|Any CPU
		{8DEF089F-DA67-427F-AE62-B5F502A9BC25}.Release|Any CPU.ActiveCfg = Release|Any CPU
		{8DEF089F-DA67-427F-AE62-B5F502A9BC25}.Release|Any CPU.Build.0 = Release|Any CPU
	EndGlobalSection
	GlobalSection(SolutionProperties) = preSolution
		HideSolutionNode = FALSE
	EndGlobalSection
	GlobalSection(ExtensibilityGlobals) = postSolution
		SolutionGuid = {D7D70724-884F-4BEE-AE36-3D6856AC2036}
	EndGlobalSection
EndGlobal
